
Microsoft Visual Studio Solution File, Format Version 12.00
# Visual Studio 15
Project("{FAE04EC0-301F-11D3-BF4B-00C04F79EFBC}") = "AdrugroundServer2.0", "AdrugroundServer2.0\AdrugroundServer2.0.csproj", "{12D7D60B-D50B-4083-9B0A-11F44264352D}"
EndProject
Global
	GlobalSection(SolutionConfigurationPlatforms) = preSolution
		Debug|Any CPU = Debug|Any CPU
		Release|Any CPU = Release|Any CPU
	EndGlobalSection
	GlobalSection(ProjectConfigurationPlatforms) = postSolution
		{12D7D60B-D50B-4083-9B0A-11F44264352D}.Debug|Any CPU.ActiveCfg = Debug|Any CPU
		{12D7D60B-D50B-4083-9B0A-11F44264352D}.Debug|Any CPU.Build.0 = Debug|Any CPU
		{12D7D60B-D50B-4083-9B0A-11F44264352D}.Release|Any CPU.ActiveCfg = Release|Any CPU
		{12D7D60B-D50B-4083-9B0A-11F44264352D}.Release|Any CPU.Build.0 = Release|Any CPU
	EndGlobalSection
EndGlobal
